
Microsoft Visual Studio Solution File, Format Version 12.00
# Visual Studio Version 17
VisualStudioVersion = 17.7.34018.315
MinimumVisualStudioVersion = 10.0.40219.1
Project("{FAE04EC0-301F-11D3-BF4B-00C04F79EFBC}") = "api", "api.csproj", "{D352F3D5-269B-4A92-8910-244800B0C5BB}"
EndProject
Global
	GlobalSection(SolutionConfigurationPlatforms) = preSolution
		Debug|Any CPU = Debug|Any CPU
		Release|Any CPU = Release|Any CPU
	EndGlobalSection
	GlobalSection(ProjectConfigurationPlatforms) = postSolution
		{D352F3D5-269B-4A92-8910-244800B0C5BB}.Debug|Any CPU.ActiveCfg = Debug|Any CPU
		{D352F3D5-269B-4A92-8910-244800B0C5BB}.Debug|Any CPU.Build.0 = Debug|Any CPU
		{D352F3D5-269B-4A92-8910-244800B0C5BB}.Release|Any CPU.ActiveCfg = Release|Any CPU
		{D352F3D5-269B-4A92-8910-244800B0C5BB}.Release|Any CPU.Build.0 = Release|Any CPU
	EndGlobalSection
	GlobalSection(SolutionProperties) = preSolution
		HideSolutionNode = FALSE
	EndGlobalSection
	GlobalSection(ExtensibilityGlobals) = postSolution
		SolutionGuid = {34ACF8C4-FAD0-4527-A8FC-AD5A66F8D260}
	EndGlobalSection
EndGlobal
